Microsoft Visual Studio Solution File, Format Version 12.00
# Visual Studio Version 17
VisualStudioVersion = 17.14.36203.30 d17.14
MinimumVisualStudioVersion = 10.0.40219.1
Project("{FAE04EC0-301F-11D3-BF4B-00C04F79EFBC}") = "AppConsulta.Android", "AppConsulta\AppConsulta.Android\AppConsulta.Android.csproj", "{6764C342-AF57-4F38-88A6-850AE58D17A4}"
EndProject
Project("{FAE04EC0-301F-11D3-BF4B-00C04F79EFBC}") = "AppConsulta", "AppConsulta\AppConsulta\AppConsulta.csproj", "{F6A1FE26-8102-44F8-8C49-679BEB82BE70}"
EndProject
Global
	GlobalSection(SolutionConfigurationPlatforms) = preSolution
		Debug|Any CPU = Debug|Any CPU
		Release|Any CPU = Release|Any CPU
	EndGlobalSection
	GlobalSection(ProjectConfigurationPlatforms) = postSolution
		{6764C342-AF57-4F38-88A6-850AE58D17A4}.Debug|Any CPU.ActiveCfg = Debug|Any CPU
		{6764C342-AF57-4F38-88A6-850AE58D17A4}.Debug|Any CPU.Build.0 = Debug|Any CPU
		{6764C342-AF57-4F38-88A6-850AE58D17A4}.Debug|Any CPU.Deploy.0 = Debug|Any CPU
		{6764C342-AF57-4F38-88A6-850AE58D17A4}.Release|Any CPU.ActiveCfg = Release|Any CPU
		{6764C342-AF57-4F38-88A6-850AE58D17A4}.Release|Any CPU.Build.0 = Release|Any CPU
		{6764C342-AF57-4F38-88A6-850AE58D17A4}.Release|Any CPU.Deploy.0 = Release|Any CPU
		{F6A1FE26-8102-44F8-8C49-679BEB82BE70}.Debug|Any CPU.ActiveCfg = Debug|Any CPU
		{F6A1FE26-8102-44F8-8C49-679BEB82BE70}.Debug|Any CPU.Build.0 = Debug|Any CPU
		{F6A1FE26-8102-44F8-8C49-679BEB82BE70}.Debug|Any CPU.Deploy.0 = Debug|Any CPU
		{F6A1FE26-8102-44F8-8C49-679BEB82BE70}.Release|Any CPU.ActiveCfg = Release|Any CPU
		{F6A1FE26-8102-44F8-8C49-679BEB82BE70}.Release|Any CPU.Build.0 = Release|Any CPU
		{F6A1FE26-8102-44F8-8C49-679BEB82BE70}.Release|Any CPU.Deploy.0 = Release|Any CPU
	EndGlobalSection
	GlobalSection(SolutionProperties) = preSolution
		HideSolutionNode = FALSE
	EndGlobalSection
	GlobalSection(ExtensibilityGlobals) = postSolution
		SolutionGuid = {664A9032-A641-4392-B2CA-EF099EBFE81B}
	EndGlobalSection
EndGlobal