Microsoft Visual Studio Solution File, Format Version 12.00
# Visual Studio Version 17
VisualStudioVersion = 17.14.36804.6 d17.14
MinimumVisualStudioVersion = 10.0.40219.1
Project("{FAE04EC0-301F-11D3-BF4B-00C04F79EFBC}") = "MVVMPrograma.Android", "MVVMPrograma\MVVMPrograma.Android\MVVMPrograma.Android.csproj", "{3C1CFA3D-45BD-46B8-90F7-669C3F2EE2B9}"
EndProject
Project("{FAE04EC0-301F-11D3-BF4B-00C04F79EFBC}") = "MVVMPrograma", "MVVMPrograma\MVVMPrograma\MVVMPrograma.csproj", "{DD530325-545C-4BF5-8B33-71498FC4911B}"
EndProject
Global
	GlobalSection(SolutionConfigurationPlatforms) = preSolution
		Debug|Any CPU = Debug|Any CPU
		Release|Any CPU = Release|Any CPU
	EndGlobalSection
	GlobalSection(ProjectConfigurationPlatforms) = postSolution
		{3C1CFA3D-45BD-46B8-90F7-669C3F2EE2B9}.Debug|Any CPU.ActiveCfg = Debug|Any CPU
		{3C1CFA3D-45BD-46B8-90F7-669C3F2EE2B9}.Debug|Any CPU.Build.0 = Debug|Any CPU
		{3C1CFA3D-45BD-46B8-90F7-669C3F2EE2B9}.Debug|Any CPU.Deploy.0 = Debug|Any CPU
		{3C1CFA3D-45BD-46B8-90F7-669C3F2EE2B9}.Release|Any CPU.ActiveCfg = Release|Any CPU
		{3C1CFA3D-45BD-46B8-90F7-669C3F2EE2B9}.Release|Any CPU.Build.0 = Release|Any CPU
		{3C1CFA3D-45BD-46B8-90F7-669C3F2EE2B9}.Release|Any CPU.Deploy.0 = Release|Any CPU
		{DD530325-545C-4BF5-8B33-71498FC4911B}.Debug|Any CPU.ActiveCfg = Debug|Any CPU
		{DD530325-545C-4BF5-8B33-71498FC4911B}.Debug|Any CPU.Build.0 = Debug|Any CPU
		{DD530325-545C-4BF5-8B33-71498FC4911B}.Debug|Any CPU.Deploy.0 = Debug|Any CPU
		{DD530325-545C-4BF5-8B33-71498FC4911B}.Release|Any CPU.ActiveCfg = Release|Any CPU
		{DD530325-545C-4BF5-8B33-71498FC4911B}.Release|Any CPU.Build.0 = Release|Any CPU
		{DD530325-545C-4BF5-8B33-71498FC4911B}.Release|Any CPU.Deploy.0 = Release|Any CPU
	EndGlobalSection
	GlobalSection(SolutionProperties) = preSolution
		HideSolutionNode = FALSE
	EndGlobalSection
	GlobalSection(ExtensibilityGlobals) = postSolution
		SolutionGuid = {05F4C3C5-FAEC-4D8D-91B2-4C9A5E2410B0}
	EndGlobalSection
EndGlobal